
Microsoft Visual Studio Solution File, Format Version 12.00
# Visual Studio Version 16
VisualStudioVersion = 16.0.31613.86
MinimumVisualStudioVersion = 10.0.40219.1
Project("{9A19103F-16F7-4668-BE54-9A1E7A4F7556}") = "Project1", "Project1\Project1.csproj", "{A7C2D007-FAEA-489C-A146-7E3F28C97097}"
EndProject
Project("{FAE04EC0-301F-11D3-BF4B-00C04F79EFBC}") = "TideDiagramApp", "TideDiagramApp\TideDiagramApp.csproj", "{0552E12B-0B03-41BF-9CE0-235997DBCF25}"
EndProject
Global
	GlobalSection(SolutionConfigurationPlatforms) = preSolution
		Debug|Any CPU = Debug|Any CPU
		Release|Any CPU = Release|Any CPU
	EndGlobalSection
	GlobalSection(ProjectConfigurationPlatforms) = postSolution
		{A7C2D007-FAEA-489C-A146-7E3F28C97097}.Debug|Any CPU.ActiveCfg = Debug|Any CPU
		{A7C2D007-FAEA-489C-A146-7E3F28C97097}.Debug|Any CPU.Build.0 = Debug|Any CPU
		{A7C2D007-FAEA-489C-A146-7E3F28C97097}.Release|Any CPU.ActiveCfg = Release|Any CPU
		{A7C2D007-FAEA-489C-A146-7E3F28C97097}.Release|Any CPU.Build.0 = Release|Any CPU
		{0552E12B-0B03-41BF-9CE0-235997DBCF25}.Debug|Any CPU.ActiveCfg = Debug|Any CPU
		{0552E12B-0B03-41BF-9CE0-235997DBCF25}.Debug|Any CPU.Build.0 = Debug|Any CPU
		{0552E12B-0B03-41BF-9CE0-235997DBCF25}.Release|Any CPU.ActiveCfg = Release|Any CPU
		{0552E12B-0B03-41BF-9CE0-235997DBCF25}.Release|Any CPU.Build.0 = Release|Any CPU
	EndGlobalSection
	GlobalSection(SolutionProperties) = preSolution
		HideSolutionNode = FALSE
	EndGlobalSection
	GlobalSection(ExtensibilityGlobals) = postSolution
		SolutionGuid = {27D9948E-D286-4995-B09B-28FB4BAFE652}
	EndGlobalSection
EndGlobal
